
Microsoft Visual Studio Solution File, Format Version 12.00
# Visual Studio Version 17
VisualStudioVersion = 17.12.35707.178
MinimumVisualStudioVersion = 10.0.40219.1
Project("{2150E333-8FDC-42A3-9474-1A3956D46DE8}") = "Lesson_02", "Lesson_02", "{28AC82AD-19A3-4109-B328-0C1C78AFB592}"
EndProject
Project("{FAE04EC0-301F-11D3-BF4B-00C04F79EFBC}") = "Task_02_01", "Task_02_01\Task_02_01.csproj", "{E6D28285-69CC-4A85-A07D-DF83BAFB4BB3}"
EndProject
Project("{FAE04EC0-301F-11D3-BF4B-00C04F79EFBC}") = "Task_02_02", "Task_02_02\Task_02_02.csproj", "{A2C24328-34EE-4A96-9743-A4E09F237B98}"
EndProject
Project("{FAE04EC0-301F-11D3-BF4B-00C04F79EFBC}") = "Task_02_04", "Task_02_04\Task_02_04.csproj", "{39092707-8CF3-411B-8275-321D175F4BAC}"
EndProject
Project("{2150E333-8FDC-42A3-9474-1A3956D46DE8}") = "Lesson_03", "Lesson_03", "{1D90EDC3-6A44-46C4-B68B-3BCB67D3C2CB}"
EndProject
Project("{FAE04EC0-301F-11D3-BF4B-00C04F79EFBC}") = "Task_03_04", "Task_03_04\Task_03_04.csproj", "{103B1DF7-0908-4CEE-81AB-156314FAA206}"
EndProject
Project("{FAE04EC0-301F-11D3-BF4B-00C04F79EFBC}") = "Task_03_05", "Task_03_05\Task_03_05.csproj", "{11648435-9AE8-4F2A-A0B1-A6C62C3ABE9C}"
EndProject
Project("{FAE04EC0-301F-11D3-BF4B-00C04F79EFBC}") = "Task_03_06", "Task_03_06\Task_03_06.csproj", "{810D0F77-5D60-41E2-922D-2007F2C5C569}"
EndProject
Global
	GlobalSection(SolutionConfigurationPlatforms) = preSolution
		Debug|Any CPU = Debug|Any CPU
		Release|Any CPU = Release|Any CPU
	EndGlobalSection
	GlobalSection(ProjectConfigurationPlatforms) = postSolution
		{E6D28285-69CC-4A85-A07D-DF83BAFB4BB3}.Debug|Any CPU.ActiveCfg = Debug|Any CPU
		{E6D28285-69CC-4A85-A07D-DF83BAFB4BB3}.Debug|Any CPU.Build.0 = Debug|Any CPU
		{E6D28285-69CC-4A85-A07D-DF83BAFB4BB3}.Release|Any CPU.ActiveCfg = Release|Any CPU
		{E6D28285-69CC-4A85-A07D-DF83BAFB4BB3}.Release|Any CPU.Build.0 = Release|Any CPU
		{A2C24328-34EE-4A96-9743-A4E09F237B98}.Debug|Any CPU.ActiveCfg = Debug|Any CPU
		{A2C24328-34EE-4A96-9743-A4E09F237B98}.Debug|Any CPU.Build.0 = Debug|Any CPU
		{A2C24328-34EE-4A96-9743-A4E09F237B98}.Release|Any CPU.ActiveCfg = Release|Any CPU
		{A2C24328-34EE-4A96-9743-A4E09F237B98}.Release|Any CPU.Build.0 = Release|Any CPU
		{39092707-8CF3-411B-8275-321D175F4BAC}.Debug|Any CPU.ActiveCfg = Debug|Any CPU
		{39092707-8CF3-411B-8275-321D175F4BAC}.Debug|Any CPU.Build.0 = Debug|Any CPU
		{39092707-8CF3-411B-8275-321D175F4BAC}.Release|Any CPU.ActiveCfg = Release|Any CPU
		{39092707-8CF3-411B-8275-321D175F4BAC}.Release|Any CPU.Build.0 = Release|Any CPU
		{103B1DF7-0908-4CEE-81AB-156314FAA206}.Debug|Any CPU.ActiveCfg = Debug|Any CPU
		{103B1DF7-0908-4CEE-81AB-156314FAA206}.Debug|Any CPU.Build.0 = Debug|Any CPU
		{103B1DF7-0908-4CEE-81AB-156314FAA206}.Release|Any CPU.ActiveCfg = Release|Any CPU
		{103B1DF7-0908-4CEE-81AB-156314FAA206}.Release|Any CPU.Build.0 = Release|Any CPU
		{11648435-9AE8-4F2A-A0B1-A6C62C3ABE9C}.Debug|Any CPU.ActiveCfg = Debug|Any CPU
		{11648435-9AE8-4F2A-A0B1-A6C62C3ABE9C}.Debug|Any CPU.Build.0 = Debug|Any CPU
		{11648435-9AE8-4F2A-A0B1-A6C62C3ABE9C}.Release|Any CPU.ActiveCfg = Release|Any CPU
		{11648435-9AE8-4F2A-A0B1-A6C62C3ABE9C}.Release|Any CPU.Build.0 = Release|Any CPU
		{810D0F77-5D60-41E2-922D-2007F2C5C569}.Debug|Any CPU.ActiveCfg = Debug|Any CPU
		{810D0F77-5D60-41E2-922D-2007F2C5C569}.Debug|Any CPU.Build.0 = Debug|Any CPU
		{810D0F77-5D60-41E2-922D-2007F2C5C569}.Release|Any CPU.ActiveCfg = Release|Any CPU
		{810D0F77-5D60-41E2-922D-2007F2C5C569}.Release|Any CPU.Build.0 = Release|Any CPU
	EndGlobalSection
	GlobalSection(SolutionProperties) = preSolution
		HideSolutionNode = FALSE
	EndGlobalSection
	GlobalSection(NestedProjects) = preSolution
		{E6D28285-69CC-4A85-A07D-DF83BAFB4BB3} = {28AC82AD-19A3-4109-B328-0C1C78AFB592}
		{A2C24328-34EE-4A96-9743-A4E09F237B98} = {28AC82AD-19A3-4109-B328-0C1C78AFB592}
		{39092707-8CF3-411B-8275-321D175F4BAC} = {28AC82AD-19A3-4109-B328-0C1C78AFB592}
		{103B1DF7-0908-4CEE-81AB-156314FAA206} = {1D90EDC3-6A44-46C4-B68B-3BCB67D3C2CB}
		{11648435-9AE8-4F2A-A0B1-A6C62C3ABE9C} = {1D90EDC3-6A44-46C4-B68B-3BCB67D3C2CB}
		{810D0F77-5D60-41E2-922D-2007F2C5C569} = {1D90EDC3-6A44-46C4-B68B-3BCB67D3C2CB}
	EndGlobalSection
EndGlobal
